
Microsoft Visual Studio Solution File, Format Version 12.00
# Visual Studio Version 16
VisualStudioVersion = 16.0.30717.126
MinimumVisualStudioVersion = 10.0.40219.1
Project("{FAE04EC0-301F-11D3-BF4B-00C04F79EFBC}") = "TAN.Core.3.1.WindowsService", "TAN.Core.3.1.WindowsService\TAN.Core.3.1.WindowsService.csproj", "{7BAB52B8-5AC2-40CA-951E-571DAC0CCEEF}"
EndProject
Global
	GlobalSection(SolutionConfigurationPlatforms) = preSolution
		Debug|Any CPU = Debug|Any CPU
		Release|Any CPU = Release|Any CPU
	EndGlobalSection
	GlobalSection(ProjectConfigurationPlatforms) = postSolution
		{7BAB52B8-5AC2-40CA-951E-571DAC0CCEEF}.Debug|Any CPU.ActiveCfg = Debug|Any CPU
		{7BAB52B8-5AC2-40CA-951E-571DAC0CCEEF}.Debug|Any CPU.Build.0 = Debug|Any CPU
		{7BAB52B8-5AC2-40CA-951E-571DAC0CCEEF}.Release|Any CPU.ActiveCfg = Release|Any CPU
		{7BAB52B8-5AC2-40CA-951E-571DAC0CCEEF}.Release|Any CPU.Build.0 = Release|Any CPU
	EndGlobalSection
	GlobalSection(SolutionProperties) = preSolution
		HideSolutionNode = FALSE
	EndGlobalSection
	GlobalSection(ExtensibilityGlobals) = postSolution
		SolutionGuid = {D8D9C452-B80D-435B-BD8F-098CA99A27D7}
	EndGlobalSection
EndGlobal
